
Microsoft Visual Studio Solution File, Format Version 12.00
# Visual Studio 15
VisualStudioVersion = 15.0.27428.2027
MinimumVisualStudioVersion = 10.0.40219.1
Project("{FAE04EC0-301F-11D3-BF4B-00C04F79EFBC}") = "TestingCodeConsoleApp", "TestingCodeConsoleApp\TestingCodeConsoleApp.csproj", "{3807CF67-FC58-40E1-8947-1C2E526009B2}"
EndProject
Global
	GlobalSection(SolutionConfigurationPlatforms) = preSolution
		Debug|Any CPU = Debug|Any CPU
		Release|Any CPU = Release|Any CPU
	EndGlobalSection
	GlobalSection(ProjectConfigurationPlatforms) = postSolution
		{3807CF67-FC58-40E1-8947-1C2E526009B2}.Debug|Any CPU.ActiveCfg = Debug|Any CPU
		{3807CF67-FC58-40E1-8947-1C2E526009B2}.Debug|Any CPU.Build.0 = Debug|Any CPU
		{3807CF67-FC58-40E1-8947-1C2E526009B2}.Release|Any CPU.ActiveCfg = Release|Any CPU
		{3807CF67-FC58-40E1-8947-1C2E526009B2}.Release|Any CPU.Build.0 = Release|Any CPU
	EndGlobalSection
	GlobalSection(SolutionProperties) = preSolution
		HideSolutionNode = FALSE
	EndGlobalSection
	GlobalSection(ExtensibilityGlobals) = postSolution
		SolutionGuid = {0857030D-287E-41D5-9324-6EFDF4BF0657}
	EndGlobalSection
EndGlobal
